
Microsoft Visual Studio Solution File, Format Version 12.00
# Visual Studio Version 16
VisualStudioVersion = 16.0.28922.388
MinimumVisualStudioVersion = 10.0.40219.1
Project("{F184B08F-C81C-45F6-A57F-5ABD9991F28F}") = "SistemaInventarioActivos", "SistemaInventarioActivos.vbproj", "{0799A858-4B04-4270-B7A4-43C4A7629391}"
EndProject
Global
	GlobalSection(SolutionConfigurationPlatforms) = preSolution
		Debug|Any CPU = Debug|Any CPU
		Release|Any CPU = Release|Any CPU
	EndGlobalSection
	GlobalSection(ProjectConfigurationPlatforms) = postSolution
		{0799A858-4B04-4270-B7A4-43C4A7629391}.Debug|Any CPU.ActiveCfg = Debug|Any CPU
		{0799A858-4B04-4270-B7A4-43C4A7629391}.Debug|Any CPU.Build.0 = Debug|Any CPU
		{0799A858-4B04-4270-B7A4-43C4A7629391}.Release|Any CPU.ActiveCfg = Release|Any CPU
		{0799A858-4B04-4270-B7A4-43C4A7629391}.Release|Any CPU.Build.0 = Release|Any CPU
	EndGlobalSection
	GlobalSection(SolutionProperties) = preSolution
		HideSolutionNode = FALSE
	EndGlobalSection
	GlobalSection(ExtensibilityGlobals) = postSolution
		SolutionGuid = {5E676D1A-E570-4F5A-A3AA-95306DEE3941}
	EndGlobalSection
EndGlobal
